
Microsoft Visual Studio Solution File, Format Version 12.00
# Visual Studio Version 16
VisualStudioVersion = 16.0.30621.155
MinimumVisualStudioVersion = 10.0.40219.1
Project("{FAE04EC0-301F-11D3-BF4B-00C04F79EFBC}") = "CalculatorDemo", "CalculatorDemo\CalculatorDemo.csproj", "{2A35A0B5-77D8-4A1F-B0AB-27D22CCFDC70}"
EndProject
Project("{FAE04EC0-301F-11D3-BF4B-00C04F79EFBC}") = "CalculatorDeom_UnitTest", "CalculatorDeom_UnitTest\CalculatorDeom_UnitTest.csproj", "{D409805A-BDEF-4B5E-9F2E-D9AD5A9682D9}"
EndProject
Global
	GlobalSection(SolutionConfigurationPlatforms) = preSolution
		Debug|Any CPU = Debug|Any CPU
		Release|Any CPU = Release|Any CPU
	EndGlobalSection
	GlobalSection(ProjectConfigurationPlatforms) = postSolution
		{2A35A0B5-77D8-4A1F-B0AB-27D22CCFDC70}.Debug|Any CPU.ActiveCfg = Debug|Any CPU
		{2A35A0B5-77D8-4A1F-B0AB-27D22CCFDC70}.Debug|Any CPU.Build.0 = Debug|Any CPU
		{2A35A0B5-77D8-4A1F-B0AB-27D22CCFDC70}.Release|Any CPU.ActiveCfg = Release|Any CPU
		{2A35A0B5-77D8-4A1F-B0AB-27D22CCFDC70}.Release|Any CPU.Build.0 = Release|Any CPU
		{D409805A-BDEF-4B5E-9F2E-D9AD5A9682D9}.Debug|Any CPU.ActiveCfg = Debug|Any CPU
		{D409805A-BDEF-4B5E-9F2E-D9AD5A9682D9}.Debug|Any CPU.Build.0 = Debug|Any CPU
		{D409805A-BDEF-4B5E-9F2E-D9AD5A9682D9}.Release|Any CPU.ActiveCfg = Release|Any CPU
		{D409805A-BDEF-4B5E-9F2E-D9AD5A9682D9}.Release|Any CPU.Build.0 = Release|Any CPU
	EndGlobalSection
	GlobalSection(SolutionProperties) = preSolution
		HideSolutionNode = FALSE
	EndGlobalSection
	GlobalSection(ExtensibilityGlobals) = postSolution
		SolutionGuid = {7476996E-2AB2-4C39-9A8E-2DF7D4B41E0C}
	EndGlobalSection
EndGlobal
